
Microsoft Visual Studio Solution File, Format Version 12.00
# Visual Studio Version 17
VisualStudioVersion = 17.4.33122.133
MinimumVisualStudioVersion = 10.0.40219.1
Project("{9A19103F-16F7-4668-BE54-9A1E7A4F7556}") = "ApplicationCore", "ApplicationCore\ApplicationCore.csproj", "{3B6E8256-F34E-4DE3-966D-2166A2D70853}"
EndProject
Project("{9A19103F-16F7-4668-BE54-9A1E7A4F7556}") = "ApplicationRepository", "ApplicationRepository\ApplicationRepository.csproj", "{B66DB1A3-28D6-4E74-8261-F5D440BDC88C}"
EndProject
Project("{9A19103F-16F7-4668-BE54-9A1E7A4F7556}") = "ApplicationService", "ApplicationService\ApplicationService.csproj", "{8B78AF68-A3F3-4A5B-ADF2-5DC162CC1F51}"
EndProject
Project("{FAE04EC0-301F-11D3-BF4B-00C04F79EFBC}") = "TableReservationAPI", "TableReservationAPI\TableReservationAPI.csproj", "{4286E81E-8CB2-4439-AB38-4698E8C65D24}"
EndProject
Project("{FAE04EC0-301F-11D3-BF4B-00C04F79EFBC}") = "ApplicationContext", "ApplicationContext\ApplicationContext.csproj", "{735171A0-A42B-41DD-B6D2-02A24A4A4809}"
EndProject
Global
	GlobalSection(SolutionConfigurationPlatforms) = preSolution
		Debug|Any CPU = Debug|Any CPU
		Release|Any CPU = Release|Any CPU
	EndGlobalSection
	GlobalSection(ProjectConfigurationPlatforms) = postSolution
		{3B6E8256-F34E-4DE3-966D-2166A2D70853}.Debug|Any CPU.ActiveCfg = Debug|Any CPU
		{3B6E8256-F34E-4DE3-966D-2166A2D70853}.Debug|Any CPU.Build.0 = Debug|Any CPU
		{3B6E8256-F34E-4DE3-966D-2166A2D70853}.Release|Any CPU.ActiveCfg = Release|Any CPU
		{3B6E8256-F34E-4DE3-966D-2166A2D70853}.Release|Any CPU.Build.0 = Release|Any CPU
		{B66DB1A3-28D6-4E74-8261-F5D440BDC88C}.Debug|Any CPU.ActiveCfg = Debug|Any CPU
		{B66DB1A3-28D6-4E74-8261-F5D440BDC88C}.Debug|Any CPU.Build.0 = Debug|Any CPU
		{B66DB1A3-28D6-4E74-8261-F5D440BDC88C}.Release|Any CPU.ActiveCfg = Release|Any CPU
		{B66DB1A3-28D6-4E74-8261-F5D440BDC88C}.Release|Any CPU.Build.0 = Release|Any CPU
		{8B78AF68-A3F3-4A5B-ADF2-5DC162CC1F51}.Debug|Any CPU.ActiveCfg = Debug|Any CPU
		{8B78AF68-A3F3-4A5B-ADF2-5DC162CC1F51}.Debug|Any CPU.Build.0 = Debug|Any CPU
		{8B78AF68-A3F3-4A5B-ADF2-5DC162CC1F51}.Release|Any CPU.ActiveCfg = Release|Any CPU
		{8B78AF68-A3F3-4A5B-ADF2-5DC162CC1F51}.Release|Any CPU.Build.0 = Release|Any CPU
		{4286E81E-8CB2-4439-AB38-4698E8C65D24}.Debug|Any CPU.ActiveCfg = Debug|Any CPU
		{4286E81E-8CB2-4439-AB38-4698E8C65D24}.Debug|Any CPU.Build.0 = Debug|Any CPU
		{4286E81E-8CB2-4439-AB38-4698E8C65D24}.Release|Any CPU.ActiveCfg = Release|Any CPU
		{4286E81E-8CB2-4439-AB38-4698E8C65D24}.Release|Any CPU.Build.0 = Release|Any CPU
		{735171A0-A42B-41DD-B6D2-02A24A4A4809}.Debug|Any CPU.ActiveCfg = Debug|Any CPU
		{735171A0-A42B-41DD-B6D2-02A24A4A4809}.Debug|Any CPU.Build.0 = Debug|Any CPU
		{735171A0-A42B-41DD-B6D2-02A24A4A4809}.Release|Any CPU.ActiveCfg = Release|Any CPU
		{735171A0-A42B-41DD-B6D2-02A24A4A4809}.Release|Any CPU.Build.0 = Release|Any CPU
	EndGlobalSection
	GlobalSection(SolutionProperties) = preSolution
		HideSolutionNode = FALSE
	EndGlobalSection
	GlobalSection(ExtensibilityGlobals) = postSolution
		SolutionGuid = {94391384-AF7F-488C-AD59-E2E80B2EEC1F}
	EndGlobalSection
EndGlobal
